
Microsoft Visual Studio Solution File, Format Version 12.00
# Visual Studio Version 17
VisualStudioVersion = 17.13.35825.156
MinimumVisualStudioVersion = 10.0.40219.1
Project("{FAE04EC0-301F-11D3-BF4B-00C04F79EFBC}") = "Punto1", "Punto1\Punto1.csproj", "{0CDF0479-E7BC-411C-9F44-241276297862}"
EndProject
Global
	GlobalSection(SolutionConfigurationPlatforms) = preSolution
		Debug|Any CPU = Debug|Any CPU
		Release|Any CPU = Release|Any CPU
	EndGlobalSection
	GlobalSection(ProjectConfigurationPlatforms) = postSolution
		{0CDF0479-E7BC-411C-9F44-241276297862}.Debug|Any CPU.ActiveCfg = Debug|Any CPU
		{0CDF0479-E7BC-411C-9F44-241276297862}.Debug|Any CPU.Build.0 = Debug|Any CPU
		{0CDF0479-E7BC-411C-9F44-241276297862}.Release|Any CPU.ActiveCfg = Release|Any CPU
		{0CDF0479-E7BC-411C-9F44-241276297862}.Release|Any CPU.Build.0 = Release|Any CPU
	EndGlobalSection
	GlobalSection(SolutionProperties) = preSolution
		HideSolutionNode = FALSE
	EndGlobalSection
	GlobalSection(ExtensibilityGlobals) = postSolution
		SolutionGuid = {A6F9008C-3DB2-4C56-9090-79A15E4735C4}
	EndGlobalSection
EndGlobal
