
Microsoft Visual Studio Solution File, Format Version 12.00
# Visual Studio Version 17
VisualStudioVersion = 17.13.35825.156
MinimumVisualStudioVersion = 10.0.40219.1
Project("{2150E333-8FDC-42A3-9474-1A3956D46DE8}") = "Punto4", "Punto4", "{02EA681E-C7D8-13C7-8484-4AC65E1B71E8}"
EndProject
Project("{FAE04EC0-301F-11D3-BF4B-00C04F79EFBC}") = "Punto4.TaskManager", "Punto4\Patrones.Punto4\Punto4.TaskManager.csproj", "{7740A248-D351-54E1-55E2-E5CD81A11010}"
EndProject
Project("{FAE04EC0-301F-11D3-BF4B-00C04F79EFBC}") = "Punto4.TaskManagerTest", "Punto4\Punto4Test\Punto4.TaskManagerTest.csproj", "{9FBA8EB4-D9F9-E2CF-13D4-4EA42C721DA9}"
EndProject
Global
	GlobalSection(SolutionConfigurationPlatforms) = preSolution
		Debug|Any CPU = Debug|Any CPU
		Release|Any CPU = Release|Any CPU
	EndGlobalSection
	GlobalSection(ProjectConfigurationPlatforms) = postSolution
		{7740A248-D351-54E1-55E2-E5CD81A11010}.Debug|Any CPU.ActiveCfg = Debug|Any CPU
		{7740A248-D351-54E1-55E2-E5CD81A11010}.Debug|Any CPU.Build.0 = Debug|Any CPU
		{7740A248-D351-54E1-55E2-E5CD81A11010}.Release|Any CPU.ActiveCfg = Release|Any CPU
		{7740A248-D351-54E1-55E2-E5CD81A11010}.Release|Any CPU.Build.0 = Release|Any CPU
		{9FBA8EB4-D9F9-E2CF-13D4-4EA42C721DA9}.Debug|Any CPU.ActiveCfg = Debug|Any CPU
		{9FBA8EB4-D9F9-E2CF-13D4-4EA42C721DA9}.Debug|Any CPU.Build.0 = Debug|Any CPU
		{9FBA8EB4-D9F9-E2CF-13D4-4EA42C721DA9}.Release|Any CPU.ActiveCfg = Release|Any CPU
		{9FBA8EB4-D9F9-E2CF-13D4-4EA42C721DA9}.Release|Any CPU.Build.0 = Release|Any CPU
	EndGlobalSection
	GlobalSection(SolutionProperties) = preSolution
		HideSolutionNode = FALSE
	EndGlobalSection
	GlobalSection(NestedProjects) = preSolution
		{7740A248-D351-54E1-55E2-E5CD81A11010} = {02EA681E-C7D8-13C7-8484-4AC65E1B71E8}
		{9FBA8EB4-D9F9-E2CF-13D4-4EA42C721DA9} = {02EA681E-C7D8-13C7-8484-4AC65E1B71E8}
	EndGlobalSection
	GlobalSection(ExtensibilityGlobals) = postSolution
		SolutionGuid = {A6F9008C-3DB2-4C56-9090-79A15E4735C4}
	EndGlobalSection
EndGlobal
